// !$*UTF8*$!
{
	archiveVersion = 1;
	classes = {
	};
	objectVersion = 55;
	objects = {

/* Begin PBXBuildFile section */
		95C7DA2027D4C720005D2ACD /* AppDelegate.swift in Sources */ = {isa = PBXBuildFile; fileRef = 95C7DA1F27D4C720005D2ACD /* AppDelegate.swift */; };
		95C7DA2427D4C720005D2ACD /* ViewController.swift in Sources */ = {isa = PBXBuildFile; fileRef = 95C7DA2327D4C720005D2ACD /* ViewController.swift */; };
		95C7DA2727D4C720005D2ACD /* Main.storyboard in Resources */ = {isa = PBXBuildFile; fileRef = 95C7DA2527D4C720005D2ACD /* Main.storyboard */; };
		95C7DA2927D4C722005D2ACD /* Assets.xcassets in Resources */ = {isa = PBXBuildFile; fileRef = 95C7DA2827D4C722005D2ACD /* Assets.xcassets */; };
		95C7DA2C27D4C722005D2ACD /* LaunchScreen.storyboard in Resources */ = {isa = PBXBuildFile; fileRef = 95C7DA2A27D4C722005D2ACD /* LaunchScreen.storyboard */; };
		ACEEEE576A209F901D9E031E /* Pods_GrouponForNTTData.framework in Frameworks */ = {isa = PBXBuildFile; fileRef = 994E6CDBEC5920932AAA3AC5 /* Pods_GrouponForNTTData.framework */; };
/* End PBXBuildFile section */

/* Begin PBXFileReference section */
		0243AB44865922D6AE060254 /* Pods-GrouponForNTTData.release.xcconfig */ = {isa = PBXFileReference; includeInIndex = 1; lastKnownFileType = text.xcconfig; name = "Pods-GrouponForNTTData.release.xcconfig"; path = "Target Support Files/Pods-GrouponForNTTData/Pods-GrouponForNTTData.release.xcconfig"; sourceTree = "<group>"; };
		95C7DA1C27D4C720005D2ACD /* GrouponForNTTData.app */ = {isa = PBXFileReference; explicitFileType = wrapper.application; includeInIndex = 0; path = GrouponForNTTData.app; sourceTree = BUILT_PRODUCTS_DIR; };
		95C7DA1F27D4C720005D2ACD /* AppDelegate.swift */ = {isa = PBXFileReference; lastKnownFileType = sourcecode.swift; path = AppDelegate.swift; sourceTree = "<group>"; };
		95C7DA2327D4C720005D2ACD /* ViewController.swift */ = {isa = PBXFileReference; lastKnownFileType = sourcecode.swift; path = ViewController.swift; sourceTree = "<group>"; };
		95C7DA2627D4C720005D2ACD /* Base */ = {isa = PBXFileReference; lastKnownFileType = file.storyboard; name = Base; path = Base.lproj/Main.storyboard; sourceTree = "<group>"; };
		95C7DA2827D4C722005D2ACD /* Assets.xcassets */ = {isa = PBXFileReference; lastKnownFileType = folder.assetcatalog; path = Assets.xcassets; sourceTree = "<group>"; };
		95C7DA2B27D4C722005D2ACD /* Base */ = {isa = PBXFileReference; lastKnownFileType = file.storyboard; name = Base; path = Base.lproj/LaunchScreen.storyboard; sourceTree = "<group>"; };
		95C7DA2D27D4C722005D2ACD /* Info.plist */ = {isa = PBXFileReference; lastKnownFileType = text.plist.xml; path = Info.plist; sourceTree = "<group>"; };
		994E6CDBEC5920932AAA3AC5 /* Pods_GrouponForNTTData.framework */ = {isa = PBXFileReference; explicitFileType = wrapper.framework; includeInIndex = 0; path = Pods_GrouponForNTTData.framework; sourceTree = BUILT_PRODUCTS_DIR; };
		E8B0DF730E38155E8C142862 /* Pods-GrouponForNTTData.debug.xcconfig */ = {isa = PBXFileReference; includeInIndex = 1; lastKnownFileType = text.xcconfig; name = "Pods-GrouponForNTTData.debug.xcconfig"; path = "Target Support Files/Pods-GrouponForNTTData/Pods-GrouponForNTTData.debug.xcconfig"; sourceTree = "<group>"; };
/* End PBXFileReference section */

/* Begin PBXFrameworksBuildPhase section */
		95C7DA1927D4C720005D2ACD /* Frameworks */ = {
			isa = PBXFrameworksBuildPhase;
			buildActionMask = 2147483647;
			files = (
				ACEEEE576A209F901D9E031E /* Pods_GrouponForNTTData.framework in Frameworks */,
			);
			runOnlyForDeploymentPostprocessing = 0;
		};
/* End PBXFrameworksBuildPhase section */

/* Begin PBXGroup section */
		38B9582E244DA5404790AE6B /* Frameworks */ = {
			isa = PBXGroup;
			children = (
				994E6CDBEC5920932AAA3AC5 /* Pods_GrouponForNTTData.framework */,
			);
			name = Frameworks;
			sourceTree = "<group>";
		};
		6C609824B24D03F861ECB132 /* Pods */ = {
			isa = PBXGroup;
			children = (
				E8B0DF730E38155E8C142862 /* Pods-GrouponForNTTData.debug.xcconfig */,
				0243AB44865922D6AE060254 /* Pods-GrouponForNTTData.release.xcconfig */,
			);
			name = Pods;
			path = Pods;
			sourceTree = "<group>";
		};
		95C7DA1327D4C720005D2ACD = {
			isa = PBXGroup;
			children = (
				95C7DA1E27D4C720005D2ACD /* GrouponForNTTData */,
				95C7DA1D27D4C720005D2ACD /* Products */,
				6C609824B24D03F861ECB132 /* Pods */,
				38B9582E244DA5404790AE6B /* Frameworks */,
			);
			sourceTree = "<group>";
		};
		95C7DA1D27D4C720005D2ACD /* Products */ = {
			isa = PBXGroup;
			children = (
				95C7DA1C27D4C720005D2ACD /* GrouponForNTTData.app */,
			);
			name = Products;
			sourceTree = "<group>";
		};
		95C7DA1E27D4C720005D2ACD /* GrouponForNTTData */ = {
			isa = PBXGroup;
			children = (
				95C7DA1F27D4C720005D2ACD /* AppDelegate.swift */,
				95C7DA2327D4C720005D2ACD /* ViewController.swift */,
				95C7DA2527D4C720005D2ACD /* Main.storyboard */,
				95C7DA2827D4C722005D2ACD /* Assets.xcassets */,
				95C7DA2A27D4C722005D2ACD /* LaunchScreen.storyboard */,
				95C7DA2D27D4C722005D2ACD /* Info.plist */,
			);
			path = GrouponForNTTData;
			sourceTree = "<group>";
		};
/* End PBXGroup section */

/* Begin PBXNativeTarget section */
		95C7DA1B27D4C720005D2ACD /* GrouponForNTTData */ = {
			isa = PBXNativeTarget;
			buildConfigurationList = 95C7DA3027D4C722005D2ACD /* Build configuration list for PBXNativeTarget "GrouponForNTTData" */;
			buildPhases = (
				F453F33ADB9F893C65A371FF /* [CP] Check Pods Manifest.lock */,
				95C7DA1827D4C720005D2ACD /* Sources */,
				95C7DA1927D4C720005D2ACD /* Frameworks */,
				95C7DA1A27D4C720005D2ACD /* Resources */,
				877005BFA97E37C11767DE29 /* [CP] Embed Pods Frameworks */,
			);
			buildRules = (
			);
			dependencies = (
			);
			name = GrouponForNTTData;
			productName = GrouponForNTTData;
			productReference = 95C7DA1C27D4C720005D2ACD /* GrouponForNTTData.app */;
			productType = "com.apple.product-type.application";
		};
/* End PBXNativeTarget section */

/* Begin PBXProject section */
		95C7DA1427D4C720005D2ACD /* Project object */ = {
			isa = PBXProject;
			attributes = {
				BuildIndependentTargetsInParallel = 1;
				LastSwiftUpdateCheck = 1300;
				LastUpgradeCheck = 1300;
				TargetAttributes = {
					95C7DA1B27D4C720005D2ACD = {
						CreatedOnToolsVersion = 13.0;
					};
				};
			};
			buildConfigurationList = 95C7DA1727D4C720005D2ACD /* Build configuration list for PBXProject "GrouponForNTTData" */;
			compatibilityVersion = "Xcode 13.0";
			developmentRegion = en;
			hasScannedForEncodings = 0;
			knownRegions = (
				en,
				Base,
			);
			mainGroup = 95C7DA1327D4C720005D2ACD;
			productRefGroup = 95C7DA1D27D4C720005D2ACD /* Products */;
			projectDirPath = "";
			projectRoot = "";
			targets = (
				95C7DA1B27D4C720005D2ACD /* GrouponForNTTData */,
			);
		};
/* End PBXProject section */

/* Begin PBXResourcesBuildPhase section */
		95C7DA1A27D4C720005D2ACD /* Resources */ = {
			isa = PBXResourcesBuildPhase;
			buildActionMask = 2147483647;
			files = (
				95C7DA2C27D4C722005D2ACD /* LaunchScreen.storyboard in Resources */,
				95C7DA2927D4C722005D2ACD /* Assets.xcassets in Resources */,
				95C7DA2727D4C720005D2ACD /* Main.storyboard in Resources */,
			);
			runOnlyForDeploymentPostprocessing = 0;
		};
/* End PBXResourcesBuildPhase section */

/* Begin PBXShellScriptBuildPhase section */
		877005BFA97E37C11767DE29 /* [CP] Embed Pods Frameworks */ = {
			isa = PBXShellScriptBuildPhase;
			buildActionMask = 2147483647;
			files = (
			);
			inputFileListPaths = (
				"${PODS_ROOT}/Target Support Files/Pods-GrouponForNTTData/Pods-GrouponForNTTData-frameworks-${CONFIGURATION}-input-files.xcfilelist",
			);
			name = "[CP] Embed Pods Frameworks";
			outputFileListPaths = (
				"${PODS_ROOT}/Target Support Files/Pods-GrouponForNTTData/Pods-GrouponForNTTData-frameworks-${CONFIGURATION}-output-files.xcfilelist",
			);
			runOnlyForDeploymentPostprocessing = 0;
			shellPath = /bin/sh;
			shellScript = "\"${PODS_ROOT}/Target Support Files/Pods-GrouponForNTTData/Pods-GrouponForNTTData-frameworks.sh\"\n";
			showEnvVarsInLog = 0;
		};
		F453F33ADB9F893C65A371FF /* [CP] Check Pods Manifest.lock */ = {
			isa = PBXShellScriptBuildPhase;
			buildActionMask = 2147483647;
			files = (
			);
			inputFileListPaths = (
			);
			inputPaths = (
				"${PODS_PODFILE_DIR_PATH}/Podfile.lock",
				"${PODS_ROOT}/Manifest.lock",
			);
			name = "[CP] Check Pods Manifest.lock";
			outputFileListPaths = (
			);
			outputPaths = (
				"$(DERIVED_FILE_DIR)/Pods-GrouponForNTTData-checkManifestLockResult.txt",
			);
			runOnlyForDeploymentPostprocessing = 0;
			shellPath = /bin/sh;
			shellScript = "diff \"${PODS_PODFILE_DIR_PATH}/Podfile.lock\" \"${PODS_ROOT}/Manifest.lock\" > /dev/null\nif [ $? != 0 ] ; then\n    # print error to STDERR\n    echo \"error: The sandbox is not in sync with the Podfile.lock. Run 'pod install' or update your CocoaPods installation.\" >&2\n    exit 1\nfi\n# This output is used by Xcode 'outputs' to avoid re-running this script phase.\necho \"SUCCESS\" > \"${SCRIPT_OUTPUT_FILE_0}\"\n";
			showEnvVarsInLog = 0;
		};
/* End PBXShellScriptBuildPhase section */

/* Begin PBXSourcesBuildPhase section */
		95C7DA1827D4C720005D2ACD /* Sources */ = {
			isa = PBXSourcesBuildPhase;
			buildActionMask = 2147483647;
			files = (
				95C7DA2427D4C720005D2ACD /* ViewController.swift in Sources */,
				95C7DA2027D4C720005D2ACD /* AppDelegate.swift in Sources */,
			);
			runOnlyForDeploymentPostprocessing = 0;
		};
/* End PBXSourcesBuildPhase section */

/* Begin PBXVariantGroup section */
		95C7DA2527D4C720005D2ACD /* Main.storyboard */ = {
			isa = PBXVariantGroup;
			children = (
				95C7DA2627D4C720005D2ACD /* Base */,
			);
			name = Main.storyboard;
			sourceTree = "<group>";
		};
		95C7DA2A27D4C722005D2ACD /* LaunchScreen.storyboard */ = {
			isa = PBXVariantGroup;
			children = (
				95C7DA2B27D4C722005D2ACD /* Base */,
			);
			name = LaunchScreen.storyboard;
			sourceTree = "<group>";
		};
/* End PBXVariantGroup section */

/* Begin XCBuildConfiguration section */
		95C7DA2E27D4C722005D2ACD /* Debug */ = {
			isa = XCBuildConfiguration;
			buildSettings = {
				ALWAYS_SEARCH_USER_PATHS = NO;
				CLANG_ANALYZER_NONNULL = YES;
				CLANG_ANALYZER_NUMBER_OBJECT_CONVERSION = YES_AGGRESSIVE;
				CLANG_CXX_LANGUAGE_STANDARD = "gnu++17";
				CLANG_CXX_LIBRARY = "libc++";
				CLANG_ENABLE_MODULES = YES;
				CLANG_ENABLE_OBJC_ARC = YES;
				CLANG_ENABLE_OBJC_WEAK = YES;
				CLANG_WARN_BLOCK_CAPTURE_AUTORELEASING = YES;
				CLANG_WARN_BOOL_CONVERSION = YES;
				CLANG_WARN_COMMA = YES;
				CLANG_WARN_CONSTANT_CONVERSION = YES;
				CLANG_WARN_DEPRECATED_OBJC_IMPLEMENTATIONS = YES;
				CLANG_WARN_DIRECT_OBJC_ISA_USAGE = YES_ERROR;
				CLANG_WARN_DOCUMENTATION_COMMENTS = YES;
				CLANG_WARN_EMPTY_BODY = YES;
				CLANG_WARN_ENUM_CONVERSION = YES;
				CLANG_WARN_INFINITE_RECURSION = YES;
				CLANG_WARN_INT_CONVERSION = YES;
				CLANG_WARN_NON_LITERAL_NULL_CONVERSION = YES;
				CLANG_WARN_OBJC_IMPLICIT_RETAIN_SELF = YES;
				CLANG_WARN_OBJC_LITERAL_CONVERSION = YES;
				CLANG_WARN_OBJC_ROOT_CLASS = YES_ERROR;
				CLANG_WARN_QUOTED_INCLUDE_IN_FRAMEWORK_HEADER = YES;
				CLANG_WARN_RANGE_LOOP_ANALYSIS = YES;
				CLANG_WARN_STRICT_PROTOTYPES = YES;
				CLANG_WARN_SUSPICIOUS_MOVE = YES;
				CLANG_WARN_UNGUARDED_AVAILABILITY = YES_AGGRESSIVE;
				CLANG_WARN_UNREACHABLE_CODE = YES;
				CLANG_WARN__DUPLICATE_METHOD_MATCH = YES;
				COPY_PHASE_STRIP = NO;
				DEBUG_INFORMATION_FORMAT = dwarf;
				ENABLE_STRICT_OBJC_MSGSEND = YES;
				ENABLE_TESTABILITY = YES;
				GCC_C_LANGUAGE_STANDARD = gnu11;
				GCC_DYNAMIC_NO_PIC = NO;
				GCC_NO_COMMON_BLOCKS = YES;
				GCC_OPTIMIZATION_LEVEL = 0;
				GCC_PREPROCESSOR_DEFINITIONS = (
					"DEBUG=1",
					"$(inherited)",
				);
				GCC_WARN_64_TO_32_BIT_CONVERSION = YES;
				GCC_WARN_ABOUT_RETURN_TYPE = YES_ERROR;
				GCC_WARN_UNDECLARED_SELECTOR = YES;
				GCC_WARN_UNINITIALIZED_AUTOS = YES_AGGRESSIVE;
				GCC_WARN_UNUSED_FUNCTION = YES;
				GCC_WARN_UNUSED_VARIABLE = YES;
				IPHONEOS_DEPLOYMENT_TARGET = 13.0;
				MTL_ENABLE_DEBUG_INFO = INCLUDE_SOURCE;
				MTL_FAST_MATH = YES;
				ONLY_ACTIVE_ARCH = YES;
				SDKROOT = iphoneos;
				SWIFT_ACTIVE_COMPILATION_CONDITIONS = DEBUG;
				SWIFT_OPTIMIZATION_LEVEL = "-Onone";
			};
			name = Debug;
		};
		95C7DA2F27D4C722005D2ACD /* Release */ = {
			isa = XCBuildConfiguration;
			buildSettings = {
				ALWAYS_SEARCH_USER_PATHS = NO;
				CLANG_ANALYZER_NONNULL = YES;
				CLANG_ANALYZER_NUMBER_OBJECT_CONVERSION = YES_AGGRESSIVE;
				CLANG_CXX_LANGUAGE_STANDARD = "gnu++17";
				CLANG_CXX_LIBRARY = "libc++";
				CLANG_ENABLE_MODULES = YES;
				CLANG_ENABLE_OBJC_ARC = YES;
				CLANG_ENABLE_OBJC_WEAK = YES;
				CLANG_WARN_BLOCK_CAPTURE_AUTORELEASING = YES;
				CLANG_WARN_BOOL_CONVERSION = YES;
				CLANG_WARN_COMMA = YES;
				CLANG_WARN_CONSTANT_CONVERSION = YES;
				CLANG_WARN_DEPRECATED_OBJC_IMPLEMENTATIONS = YES;
				CLANG_WARN_DIRECT_OBJC_ISA_USAGE = YES_ERROR;
				CLANG_WARN_DOCUMENTATION_COMMENTS = YES;
				CLANG_WARN_EMPTY_BODY = YES;
				CLANG_WARN_ENUM_CONVERSION = YES;
				CLANG_WARN_INFINITE_RECURSION = YES;
				CLANG_WARN_INT_CONVERSION = YES;
				CLANG_WARN_NON_LITERAL_NULL_CONVERSION = YES;
				CLANG_WARN_OBJC_IMPLICIT_RETAIN_SELF = YES;
				CLANG_WARN_OBJC_LITERAL_CONVERSION = YES;
				CLANG_WARN_OBJC_ROOT_CLASS = YES_ERROR;
				CLANG_WARN_QUOTED_INCLUDE_IN_FRAMEWORK_HEADER = YES;
				CLANG_WARN_RANGE_LOOP_ANALYSIS = YES;
				CLANG_WARN_STRICT_PROTOTYPES = YES;
				CLANG_WARN_SUSPICIOUS_MOVE = YES;
				CLANG_WARN_UNGUARDED_AVAILABILITY = YES_AGGRESSIVE;
				CLANG_WARN_UNREACHABLE_CODE = YES;
				CLANG_WARN__DUPLICATE_METHOD_MATCH = YES;
				COPY_PHASE_STRIP = NO;
				DEBUG_INFORMATION_FORMAT = "dwarf-with-dsym";
				ENABLE_NS_ASSERTIONS = NO;
				ENABLE_STRICT_OBJC_MSGSEND = YES;
				GCC_C_LANGUAGE_STANDARD = gnu11;
				GCC_NO_COMMON_BLOCKS = YES;
				GCC_WARN_64_TO_32_BIT_CONVERSION = YES;
				GCC_WARN_ABOUT_RETURN_TYPE = YES_ERROR;
				GCC_WARN_UNDECLARED_SELECTOR = YES;
				GCC_WARN_UNINITIALIZED_AUTOS = YES_AGGRESSIVE;
				GCC_WARN_UNUSED_FUNCTION = YES;
				GCC_WARN_UNUSED_VARIABLE = YES;
				IPHONEOS_DEPLOYMENT_TARGET = 13.0;
				MTL_ENABLE_DEBUG_INFO = NO;
				MTL_FAST_MATH = YES;
				SDKROOT = iphoneos;
				SWIFT_COMPILATION_MODE = wholemodule;
				SWIFT_OPTIMIZATION_LEVEL = "-O";
				VALIDATE_PRODUCT = YES;
			};
			name = Release;
		};
		95C7DA3127D4C722005D2ACD /* Debug */ = {
			isa = XCBuildConfiguration;
			baseConfigurationReference = E8B0DF730E38155E8C142862 /* Pods-GrouponForNTTData.debug.xcconfig */;
			buildSettings = {
				ASSETCATALOG_COMPILER_APPICON_NAME = AppIcon;
				ASSETCATALOG_COMPILER_GLOBAL_ACCENT_COLOR_NAME = AccentColor;
				CODE_SIGN_STYLE = Automatic;
				CURRENT_PROJECT_VERSION = 1;
				DEVELOPMENT_TEAM = 9MP26X69YN;
				GENERATE_INFOPLIST_FILE = YES;
				INFOPLIST_FILE = GrouponForNTTData/Info.plist;
				INFOPLIST_KEY_UIApplicationSupportsIndirectInputEvents = YES;
				INFOPLIST_KEY_UILaunchStoryboardName = LaunchScreen;
				INFOPLIST_KEY_UIMainStoryboardFile = Main;
				INFOPLIST_KEY_UISupportedInterfaceOrientations_iPad = "UIInterfaceOrientationPortrait UIInterfaceOrientationPortraitUpsideDown UIInterfaceOrientationLandscapeLeft UIInterfaceOrientationLandscapeRight";
				INFOPLIST_KEY_UISupportedInterfaceOrientations_iPhone = "UIInterfaceOrientationPortrait UIInterfaceOrientationLandscapeLeft UIInterfaceOrientationLandscapeRight";
				LD_RUNPATH_SEARCH_PATHS = (
					"$(inherited)",
					"@executable_path/Frameworks",
				);
				MARKETING_VERSION = 1.0;
				PRODUCT_BUNDLE_IDENTIFIER = com.nttdata.iOS.GrouponForNTTData;
				PRODUCT_NAME = "$(TARGET_NAME)";
				SWIFT_EMIT_LOC_STRINGS = YES;
				SWIFT_VERSION = 5.0;
				TARGETED_DEVICE_FAMILY = "1,2";
			};
			name = Debug;
		};
		95C7DA3227D4C722005D2ACD /* Release */ = {
			isa = XCBuildConfiguration;
			baseConfigurationReference = 0243AB44865922D6AE060254 /* Pods-GrouponForNTTData.release.xcconfig */;
			buildSettings = {
				ASSETCATALOG_COMPILER_APPICON_NAME = AppIcon;
				ASSETCATALOG_COMPILER_GLOBAL_ACCENT_COLOR_NAME = AccentColor;
				CODE_SIGN_STYLE = Automatic;
				CURRENT_PROJECT_VERSION = 1;
				DEVELOPMENT_TEAM = 9MP26X69YN;
				GENERATE_INFOPLIST_FILE = YES;
				INFOPLIST_FILE = GrouponForNTTData/Info.plist;
				INFOPLIST_KEY_UIApplicationSupportsIndirectInputEvents = YES;
				INFOPLIST_KEY_UILaunchStoryboardName = LaunchScreen;
				INFOPLIST_KEY_UIMainStoryboardFile = Main;
				INFOPLIST_KEY_UISupportedInterfaceOrientations_iPad = "UIInterfaceOrientationPortrait UIInterfaceOrientationPortraitUpsideDown UIInterfaceOrientationLandscapeLeft UIInterfaceOrientationLandscapeRight";
				INFOPLIST_KEY_UISupportedInterfaceOrientations_iPhone = "UIInterfaceOrientationPortrait UIInterfaceOrientationLandscapeLeft UIInterfaceOrientationLandscapeRight";
				LD_RUNPATH_SEARCH_PATHS = (
					"$(inherited)",
					"@executable_path/Frameworks",
				);
				MARKETING_VERSION = 1.0;
				PRODUCT_BUNDLE_IDENTIFIER = com.nttdata.iOS.GrouponForNTTData;
				PRODUCT_NAME = "$(TARGET_NAME)";
				SWIFT_EMIT_LOC_STRINGS = YES;
				SWIFT_VERSION = 5.0;
				TARGETED_DEVICE_FAMILY = "1,2";
			};
			name = Release;
		};
/* End XCBuildConfiguration section */

/* Begin XCConfigurationList section */
		95C7DA1727D4C720005D2ACD /* Build configuration list for PBXProject "GrouponForNTTData" */ = {
			isa = XCConfigurationList;
			buildConfigurations = (
				95C7DA2E27D4C722005D2ACD /* Debug */,
				95C7DA2F27D4C722005D2ACD /* Release */,
			);
			defaultConfigurationIsVisible = 0;
			defaultConfigurationName = Release;
		};
		95C7DA3027D4C722005D2ACD /* Build configuration list for PBXNativeTarget "GrouponForNTTData" */ = {
			isa = XCConfigurationList;
			buildConfigurations = (
				95C7DA3127D4C722005D2ACD /* Debug */,
				95C7DA3227D4C722005D2ACD /* Release */,
			);
			defaultConfigurationIsVisible = 0;
			defaultConfigurationName = Release;
		};
/* End XCConfigurationList section */
	};
	rootObject = 95C7DA1427D4C720005D2ACD /* Project object */;
}
