// !$*UTF8*$!
{
	archiveVersion = 1;
	classes = {
	};
	objectVersion = 55;
	objects = {

/* Begin PBXBuildFile section */
		95616F5927C8E6F300642C61 /* AppDelegate.swift in Sources */ = {isa = PBXBuildFile; fileRef = 95616F5827C8E6F300642C61 /* AppDelegate.swift */; };
		95616F6227C8E6F400642C61 /* Assets.xcassets in Resources */ = {isa = PBXBuildFile; fileRef = 95616F6127C8E6F400642C61 /* Assets.xcassets */; };
		95616F6527C8E6F400642C61 /* LaunchScreen.storyboard in Resources */ = {isa = PBXBuildFile; fileRef = 95616F6327C8E6F400642C61 /* LaunchScreen.storyboard */; };
		95616F6E27C8E80E00642C61 /* AppCoordinator.swift in Sources */ = {isa = PBXBuildFile; fileRef = 95616F6D27C8E80E00642C61 /* AppCoordinator.swift */; };
		95DE262227C90561002CC133 /* UserDefaultViewController.swift in Sources */ = {isa = PBXBuildFile; fileRef = 95DE262027C90561002CC133 /* UserDefaultViewController.swift */; };
		95DE262327C90561002CC133 /* UserDefaultViewController.xib in Resources */ = {isa = PBXBuildFile; fileRef = 95DE262127C90561002CC133 /* UserDefaultViewController.xib */; };
		95DE262727C906C4002CC133 /* UserDefaultViewCoordinator.swift in Sources */ = {isa = PBXBuildFile; fileRef = 95DE262627C906C4002CC133 /* UserDefaultViewCoordinator.swift */; };
/* End PBXBuildFile section */

/* Begin PBXFileReference section */
		95616F5527C8E6F300642C61 /* AppUserDefaultIntro.app */ = {isa = PBXFileReference; explicitFileType = wrapper.application; includeInIndex = 0; path = AppUserDefaultIntro.app; sourceTree = BUILT_PRODUCTS_DIR; };
		95616F5827C8E6F300642C61 /* AppDelegate.swift */ = {isa = PBXFileReference; lastKnownFileType = sourcecode.swift; path = AppDelegate.swift; sourceTree = "<group>"; };
		95616F6127C8E6F400642C61 /* Assets.xcassets */ = {isa = PBXFileReference; lastKnownFileType = folder.assetcatalog; path = Assets.xcassets; sourceTree = "<group>"; };
		95616F6427C8E6F400642C61 /* Base */ = {isa = PBXFileReference; lastKnownFileType = file.storyboard; name = Base; path = Base.lproj/LaunchScreen.storyboard; sourceTree = "<group>"; };
		95616F6627C8E6F400642C61 /* Info.plist */ = {isa = PBXFileReference; lastKnownFileType = text.plist.xml; path = Info.plist; sourceTree = "<group>"; };
		95616F6D27C8E80E00642C61 /* AppCoordinator.swift */ = {isa = PBXFileReference; lastKnownFileType = sourcecode.swift; path = AppCoordinator.swift; sourceTree = "<group>"; };
		95DE262027C90561002CC133 /* UserDefaultViewController.swift */ = {isa = PBXFileReference; lastKnownFileType = sourcecode.swift; path = UserDefaultViewController.swift; sourceTree = "<group>"; };
		95DE262127C90561002CC133 /* UserDefaultViewController.xib */ = {isa = PBXFileReference; lastKnownFileType = file.xib; path = UserDefaultViewController.xib; sourceTree = "<group>"; };
		95DE262627C906C4002CC133 /* UserDefaultViewCoordinator.swift */ = {isa = PBXFileReference; lastKnownFileType = sourcecode.swift; path = UserDefaultViewCoordinator.swift; sourceTree = "<group>"; };
/* End PBXFileReference section */

/* Begin PBXFrameworksBuildPhase section */
		95616F5227C8E6F200642C61 /* Frameworks */ = {
			isa = PBXFrameworksBuildPhase;
			buildActionMask = 2147483647;
			files = (
			);
			runOnlyForDeploymentPostprocessing = 0;
		};
/* End PBXFrameworksBuildPhase section */

/* Begin PBXGroup section */
		95616F4C27C8E6F200642C61 = {
			isa = PBXGroup;
			children = (
				95616F5727C8E6F300642C61 /* AppUserDefaultIntro */,
				95616F5627C8E6F300642C61 /* Products */,
			);
			sourceTree = "<group>";
		};
		95616F5627C8E6F300642C61 /* Products */ = {
			isa = PBXGroup;
			children = (
				95616F5527C8E6F300642C61 /* AppUserDefaultIntro.app */,
			);
			name = Products;
			sourceTree = "<group>";
		};
		95616F5727C8E6F300642C61 /* AppUserDefaultIntro */ = {
			isa = PBXGroup;
			children = (
				95DE261E27C90513002CC133 /* Modules */,
				95616F6C27C8E7EB00642C61 /* CoreApp */,
				95616F6127C8E6F400642C61 /* Assets.xcassets */,
				95616F6327C8E6F400642C61 /* LaunchScreen.storyboard */,
				95616F6627C8E6F400642C61 /* Info.plist */,
			);
			path = AppUserDefaultIntro;
			sourceTree = "<group>";
		};
		95616F6C27C8E7EB00642C61 /* CoreApp */ = {
			isa = PBXGroup;
			children = (
				95616F5827C8E6F300642C61 /* AppDelegate.swift */,
				95616F6D27C8E80E00642C61 /* AppCoordinator.swift */,
			);
			path = CoreApp;
			sourceTree = "<group>";
		};
		95DE261E27C90513002CC133 /* Modules */ = {
			isa = PBXGroup;
			children = (
				95DE261F27C90522002CC133 /* Sections */,
			);
			path = Modules;
			sourceTree = "<group>";
		};
		95DE261F27C90522002CC133 /* Sections */ = {
			isa = PBXGroup;
			children = (
				95DE262027C90561002CC133 /* UserDefaultViewController.swift */,
				95DE262127C90561002CC133 /* UserDefaultViewController.xib */,
				95DE262627C906C4002CC133 /* UserDefaultViewCoordinator.swift */,
			);
			path = Sections;
			sourceTree = "<group>";
		};
/* End PBXGroup section */

/* Begin PBXNativeTarget section */
		95616F5427C8E6F200642C61 /* AppUserDefaultIntro */ = {
			isa = PBXNativeTarget;
			buildConfigurationList = 95616F6927C8E6F400642C61 /* Build configuration list for PBXNativeTarget "AppUserDefaultIntro" */;
			buildPhases = (
				95616F5127C8E6F200642C61 /* Sources */,
				95616F5227C8E6F200642C61 /* Frameworks */,
				95616F5327C8E6F200642C61 /* Resources */,
			);
			buildRules = (
			);
			dependencies = (
			);
			name = AppUserDefaultIntro;
			productName = AppUserDefaultIntro;
			productReference = 95616F5527C8E6F300642C61 /* AppUserDefaultIntro.app */;
			productType = "com.apple.product-type.application";
		};
/* End PBXNativeTarget section */

/* Begin PBXProject section */
		95616F4D27C8E6F200642C61 /* Project object */ = {
			isa = PBXProject;
			attributes = {
				BuildIndependentTargetsInParallel = 1;
				LastSwiftUpdateCheck = 1300;
				LastUpgradeCheck = 1300;
				TargetAttributes = {
					95616F5427C8E6F200642C61 = {
						CreatedOnToolsVersion = 13.0;
					};
				};
			};
			buildConfigurationList = 95616F5027C8E6F200642C61 /* Build configuration list for PBXProject "AppUserDefaultIntro" */;
			compatibilityVersion = "Xcode 13.0";
			developmentRegion = en;
			hasScannedForEncodings = 0;
			knownRegions = (
				en,
				Base,
			);
			mainGroup = 95616F4C27C8E6F200642C61;
			productRefGroup = 95616F5627C8E6F300642C61 /* Products */;
			projectDirPath = "";
			projectRoot = "";
			targets = (
				95616F5427C8E6F200642C61 /* AppUserDefaultIntro */,
			);
		};
/* End PBXProject section */

/* Begin PBXResourcesBuildPhase section */
		95616F5327C8E6F200642C61 /* Resources */ = {
			isa = PBXResourcesBuildPhase;
			buildActionMask = 2147483647;
			files = (
				95616F6527C8E6F400642C61 /* LaunchScreen.storyboard in Resources */,
				95DE262327C90561002CC133 /* UserDefaultViewController.xib in Resources */,
				95616F6227C8E6F400642C61 /* Assets.xcassets in Resources */,
			);
			runOnlyForDeploymentPostprocessing = 0;
		};
/* End PBXResourcesBuildPhase section */

/* Begin PBXSourcesBuildPhase section */
		95616F5127C8E6F200642C61 /* Sources */ = {
			isa = PBXSourcesBuildPhase;
			buildActionMask = 2147483647;
			files = (
				95DE262727C906C4002CC133 /* UserDefaultViewCoordinator.swift in Sources */,
				95616F6E27C8E80E00642C61 /* AppCoordinator.swift in Sources */,
				95DE262227C90561002CC133 /* UserDefaultViewController.swift in Sources */,
				95616F5927C8E6F300642C61 /* AppDelegate.swift in Sources */,
			);
			runOnlyForDeploymentPostprocessing = 0;
		};
/* End PBXSourcesBuildPhase section */

/* Begin PBXVariantGroup section */
		95616F6327C8E6F400642C61 /* LaunchScreen.storyboard */ = {
			isa = PBXVariantGroup;
			children = (
				95616F6427C8E6F400642C61 /* Base */,
			);
			name = LaunchScreen.storyboard;
			sourceTree = "<group>";
		};
/* End PBXVariantGroup section */

/* Begin XCBuildConfiguration section */
		95616F6727C8E6F400642C61 /* Debug */ = {
			isa = XCBuildConfiguration;
			buildSettings = {
				ALWAYS_SEARCH_USER_PATHS = NO;
				CLANG_ANALYZER_NONNULL = YES;
				CLANG_ANALYZER_NUMBER_OBJECT_CONVERSION = YES_AGGRESSIVE;
				CLANG_CXX_LANGUAGE_STANDARD = "gnu++17";
				CLANG_CXX_LIBRARY = "libc++";
				CLANG_ENABLE_MODULES = YES;
				CLANG_ENABLE_OBJC_ARC = YES;
				CLANG_ENABLE_OBJC_WEAK = YES;
				CLANG_WARN_BLOCK_CAPTURE_AUTORELEASING = YES;
				CLANG_WARN_BOOL_CONVERSION = YES;
				CLANG_WARN_COMMA = YES;
				CLANG_WARN_CONSTANT_CONVERSION = YES;
				CLANG_WARN_DEPRECATED_OBJC_IMPLEMENTATIONS = YES;
				CLANG_WARN_DIRECT_OBJC_ISA_USAGE = YES_ERROR;
				CLANG_WARN_DOCUMENTATION_COMMENTS = YES;
				CLANG_WARN_EMPTY_BODY = YES;
				CLANG_WARN_ENUM_CONVERSION = YES;
				CLANG_WARN_INFINITE_RECURSION = YES;
				CLANG_WARN_INT_CONVERSION = YES;
				CLANG_WARN_NON_LITERAL_NULL_CONVERSION = YES;
				CLANG_WARN_OBJC_IMPLICIT_RETAIN_SELF = YES;
				CLANG_WARN_OBJC_LITERAL_CONVERSION = YES;
				CLANG_WARN_OBJC_ROOT_CLASS = YES_ERROR;
				CLANG_WARN_QUOTED_INCLUDE_IN_FRAMEWORK_HEADER = YES;
				CLANG_WARN_RANGE_LOOP_ANALYSIS = YES;
				CLANG_WARN_STRICT_PROTOTYPES = YES;
				CLANG_WARN_SUSPICIOUS_MOVE = YES;
				CLANG_WARN_UNGUARDED_AVAILABILITY = YES_AGGRESSIVE;
				CLANG_WARN_UNREACHABLE_CODE = YES;
				CLANG_WARN__DUPLICATE_METHOD_MATCH = YES;
				COPY_PHASE_STRIP = NO;
				DEBUG_INFORMATION_FORMAT = dwarf;
				ENABLE_STRICT_OBJC_MSGSEND = YES;
				ENABLE_TESTABILITY = YES;
				GCC_C_LANGUAGE_STANDARD = gnu11;
				GCC_DYNAMIC_NO_PIC = NO;
				GCC_NO_COMMON_BLOCKS = YES;
				GCC_OPTIMIZATION_LEVEL = 0;
				GCC_PREPROCESSOR_DEFINITIONS = (
					"DEBUG=1",
					"$(inherited)",
				);
				GCC_WARN_64_TO_32_BIT_CONVERSION = YES;
				GCC_WARN_ABOUT_RETURN_TYPE = YES_ERROR;
				GCC_WARN_UNDECLARED_SELECTOR = YES;
				GCC_WARN_UNINITIALIZED_AUTOS = YES_AGGRESSIVE;
				GCC_WARN_UNUSED_FUNCTION = YES;
				GCC_WARN_UNUSED_VARIABLE = YES;
				IPHONEOS_DEPLOYMENT_TARGET = 15.0;
				MTL_ENABLE_DEBUG_INFO = INCLUDE_SOURCE;
				MTL_FAST_MATH = YES;
				ONLY_ACTIVE_ARCH = YES;
				SDKROOT = iphoneos;
				SWIFT_ACTIVE_COMPILATION_CONDITIONS = DEBUG;
				SWIFT_OPTIMIZATION_LEVEL = "-Onone";
			};
			name = Debug;
		};
		95616F6827C8E6F400642C61 /* Release */ = {
			isa = XCBuildConfiguration;
			buildSettings = {
				ALWAYS_SEARCH_USER_PATHS = NO;
				CLANG_ANALYZER_NONNULL = YES;
				CLANG_ANALYZER_NUMBER_OBJECT_CONVERSION = YES_AGGRESSIVE;
				CLANG_CXX_LANGUAGE_STANDARD = "gnu++17";
				CLANG_CXX_LIBRARY = "libc++";
				CLANG_ENABLE_MODULES = YES;
				CLANG_ENABLE_OBJC_ARC = YES;
				CLANG_ENABLE_OBJC_WEAK = YES;
				CLANG_WARN_BLOCK_CAPTURE_AUTORELEASING = YES;
				CLANG_WARN_BOOL_CONVERSION = YES;
				CLANG_WARN_COMMA = YES;
				CLANG_WARN_CONSTANT_CONVERSION = YES;
				CLANG_WARN_DEPRECATED_OBJC_IMPLEMENTATIONS = YES;
				CLANG_WARN_DIRECT_OBJC_ISA_USAGE = YES_ERROR;
				CLANG_WARN_DOCUMENTATION_COMMENTS = YES;
				CLANG_WARN_EMPTY_BODY = YES;
				CLANG_WARN_ENUM_CONVERSION = YES;
				CLANG_WARN_INFINITE_RECURSION = YES;
				CLANG_WARN_INT_CONVERSION = YES;
				CLANG_WARN_NON_LITERAL_NULL_CONVERSION = YES;
				CLANG_WARN_OBJC_IMPLICIT_RETAIN_SELF = YES;
				CLANG_WARN_OBJC_LITERAL_CONVERSION = YES;
				CLANG_WARN_OBJC_ROOT_CLASS = YES_ERROR;
				CLANG_WARN_QUOTED_INCLUDE_IN_FRAMEWORK_HEADER = YES;
				CLANG_WARN_RANGE_LOOP_ANALYSIS = YES;
				CLANG_WARN_STRICT_PROTOTYPES = YES;
				CLANG_WARN_SUSPICIOUS_MOVE = YES;
				CLANG_WARN_UNGUARDED_AVAILABILITY = YES_AGGRESSIVE;
				CLANG_WARN_UNREACHABLE_CODE = YES;
				CLANG_WARN__DUPLICATE_METHOD_MATCH = YES;
				COPY_PHASE_STRIP = NO;
				DEBUG_INFORMATION_FORMAT = "dwarf-with-dsym";
				ENABLE_NS_ASSERTIONS = NO;
				ENABLE_STRICT_OBJC_MSGSEND = YES;
				GCC_C_LANGUAGE_STANDARD = gnu11;
				GCC_NO_COMMON_BLOCKS = YES;
				GCC_WARN_64_TO_32_BIT_CONVERSION = YES;
				GCC_WARN_ABOUT_RETURN_TYPE = YES_ERROR;
				GCC_WARN_UNDECLARED_SELECTOR = YES;
				GCC_WARN_UNINITIALIZED_AUTOS = YES_AGGRESSIVE;
				GCC_WARN_UNUSED_FUNCTION = YES;
				GCC_WARN_UNUSED_VARIABLE = YES;
				IPHONEOS_DEPLOYMENT_TARGET = 15.0;
				MTL_ENABLE_DEBUG_INFO = NO;
				MTL_FAST_MATH = YES;
				SDKROOT = iphoneos;
				SWIFT_COMPILATION_MODE = wholemodule;
				SWIFT_OPTIMIZATION_LEVEL = "-O";
				VALIDATE_PRODUCT = YES;
			};
			name = Release;
		};
		95616F6A27C8E6F400642C61 /* Debug */ = {
			isa = XCBuildConfiguration;
			buildSettings = {
				ASSETCATALOG_COMPILER_APPICON_NAME = AppIcon;
				ASSETCATALOG_COMPILER_GLOBAL_ACCENT_COLOR_NAME = AccentColor;
				CODE_SIGN_STYLE = Automatic;
				CURRENT_PROJECT_VERSION = 1;
				DEVELOPMENT_TEAM = 9MP26X69YN;
				GENERATE_INFOPLIST_FILE = YES;
				INFOPLIST_FILE = AppUserDefaultIntro/Info.plist;
				INFOPLIST_KEY_UIApplicationSupportsIndirectInputEvents = YES;
				INFOPLIST_KEY_UILaunchStoryboardName = LaunchScreen;
				INFOPLIST_KEY_UISupportedInterfaceOrientations = UIInterfaceOrientationPortrait;
				INFOPLIST_KEY_UISupportedInterfaceOrientations_iPad = "UIInterfaceOrientationPortrait UIInterfaceOrientationPortraitUpsideDown UIInterfaceOrientationLandscapeLeft UIInterfaceOrientationLandscapeRight";
				INFOPLIST_KEY_UISupportedInterfaceOrientations_iPhone = "UIInterfaceOrientationPortrait UIInterfaceOrientationLandscapeLeft UIInterfaceOrientationLandscapeRight";
				LD_RUNPATH_SEARCH_PATHS = (
					"$(inherited)",
					"@executable_path/Frameworks",
				);
				MARKETING_VERSION = 1.0;
				PRODUCT_BUNDLE_IDENTIFIER = com.nttdata.iOS.AppUserDefaultIntro;
				PRODUCT_NAME = "$(TARGET_NAME)";
				SWIFT_EMIT_LOC_STRINGS = YES;
				SWIFT_VERSION = 5.0;
				TARGETED_DEVICE_FAMILY = 1;
			};
			name = Debug;
		};
		95616F6B27C8E6F400642C61 /* Release */ = {
			isa = XCBuildConfiguration;
			buildSettings = {
				ASSETCATALOG_COMPILER_APPICON_NAME = AppIcon;
				ASSETCATALOG_COMPILER_GLOBAL_ACCENT_COLOR_NAME = AccentColor;
				CODE_SIGN_STYLE = Automatic;
				CURRENT_PROJECT_VERSION = 1;
				DEVELOPMENT_TEAM = 9MP26X69YN;
				GENERATE_INFOPLIST_FILE = YES;
				INFOPLIST_FILE = AppUserDefaultIntro/Info.plist;
				INFOPLIST_KEY_UIApplicationSupportsIndirectInputEvents = YES;
				INFOPLIST_KEY_UILaunchStoryboardName = LaunchScreen;
				INFOPLIST_KEY_UISupportedInterfaceOrientations = UIInterfaceOrientationPortrait;
				INFOPLIST_KEY_UISupportedInterfaceOrientations_iPad = "UIInterfaceOrientationPortrait UIInterfaceOrientationPortraitUpsideDown UIInterfaceOrientationLandscapeLeft UIInterfaceOrientationLandscapeRight";
				INFOPLIST_KEY_UISupportedInterfaceOrientations_iPhone = "UIInterfaceOrientationPortrait UIInterfaceOrientationLandscapeLeft UIInterfaceOrientationLandscapeRight";
				LD_RUNPATH_SEARCH_PATHS = (
					"$(inherited)",
					"@executable_path/Frameworks",
				);
				MARKETING_VERSION = 1.0;
				PRODUCT_BUNDLE_IDENTIFIER = com.nttdata.iOS.AppUserDefaultIntro;
				PRODUCT_NAME = "$(TARGET_NAME)";
				SWIFT_EMIT_LOC_STRINGS = YES;
				SWIFT_VERSION = 5.0;
				TARGETED_DEVICE_FAMILY = 1;
			};
			name = Release;
		};
/* End XCBuildConfiguration section */

/* Begin XCConfigurationList section */
		95616F5027C8E6F200642C61 /* Build configuration list for PBXProject "AppUserDefaultIntro" */ = {
			isa = XCConfigurationList;
			buildConfigurations = (
				95616F6727C8E6F400642C61 /* Debug */,
				95616F6827C8E6F400642C61 /* Release */,
			);
			defaultConfigurationIsVisible = 0;
			defaultConfigurationName = Release;
		};
		95616F6927C8E6F400642C61 /* Build configuration list for PBXNativeTarget "AppUserDefaultIntro" */ = {
			isa = XCConfigurationList;
			buildConfigurations = (
				95616F6A27C8E6F400642C61 /* Debug */,
				95616F6B27C8E6F400642C61 /* Release */,
			);
			defaultConfigurationIsVisible = 0;
			defaultConfigurationName = Release;
		};
/* End XCConfigurationList section */
	};
	rootObject = 95616F4D27C8E6F200642C61 /* Project object */;
}
